// !$*UTF8*$!
{
	archiveVersion = 1;
	classes = {
	};
	objectVersion = 50;
	objects = {

/* Begin PBXBuildFile section */
		9550F1FD26C51F52000B3155 /* AppDelegate.swift in Sources */ = {isa = PBXBuildFile; fileRef = 9550F1FC26C51F52000B3155 /* AppDelegate.swift */; };
		9550F1FF26C51F52000B3155 /* SceneDelegate.swift in Sources */ = {isa = PBXBuildFile; fileRef = 9550F1FE26C51F52000B3155 /* SceneDelegate.swift */; };
		9550F20126C51F52000B3155 /* ViewController.swift in Sources */ = {isa = PBXBuildFile; fileRef = 9550F20026C51F52000B3155 /* ViewController.swift */; };
		9550F20426C51F52000B3155 /* Main.storyboard in Resources */ = {isa = PBXBuildFile; fileRef = 9550F20226C51F52000B3155 /* Main.storyboard */; };
		9550F20726C51F52000B3155 /* NotebookApp_coreData_.xcdatamodeld in Sources */ = {isa = PBXBuildFile; fileRef = 9550F20526C51F52000B3155 /* NotebookApp_coreData_.xcdatamodeld */; };
		9550F20926C51F53000B3155 /* Assets.xcassets in Resources */ = {isa = PBXBuildFile; fileRef = 9550F20826C51F53000B3155 /* Assets.xcassets */; };
		9550F20C26C51F53000B3155 /* LaunchScreen.storyboard in Resources */ = {isa = PBXBuildFile; fileRef = 9550F20A26C51F53000B3155 /* LaunchScreen.storyboard */; };
		9550F21426C5202B000B3155 /* NoteDetailsViewController.swift in Sources */ = {isa = PBXBuildFile; fileRef = 9550F21326C5202B000B3155 /* NoteDetailsViewController.swift */; };
/* End PBXBuildFile section */

/* Begin PBXFileReference section */
		9550F1F926C51F52000B3155 /* NotebookApp(coreData).app */ = {isa = PBXFileReference; explicitFileType = wrapper.application; includeInIndex = 0; path = "NotebookApp(coreData).app"; sourceTree = BUILT_PRODUCTS_DIR; };
		9550F1FC26C51F52000B3155 /* AppDelegate.swift */ = {isa = PBXFileReference; lastKnownFileType = sourcecode.swift; path = AppDelegate.swift; sourceTree = "<group>"; };
		9550F1FE26C51F52000B3155 /* SceneDelegate.swift */ = {isa = PBXFileReference; lastKnownFileType = sourcecode.swift; path = SceneDelegate.swift; sourceTree = "<group>"; };
		9550F20026C51F52000B3155 /* ViewController.swift */ = {isa = PBXFileReference; lastKnownFileType = sourcecode.swift; path = ViewController.swift; sourceTree = "<group>"; };
		9550F20326C51F52000B3155 /* Base */ = {isa = PBXFileReference; lastKnownFileType = file.storyboard; name = Base; path = Base.lproj/Main.storyboard; sourceTree = "<group>"; };
		9550F20626C51F52000B3155 /* NotebookApp_coreData_.xcdatamodel */ = {isa = PBXFileReference; lastKnownFileType = wrapper.xcdatamodel; path = NotebookApp_coreData_.xcdatamodel; sourceTree = "<group>"; };
		9550F20826C51F53000B3155 /* Assets.xcassets */ = {isa = PBXFileReference; lastKnownFileType = folder.assetcatalog; path = Assets.xcassets; sourceTree = "<group>"; };
		9550F20B26C51F53000B3155 /* Base */ = {isa = PBXFileReference; lastKnownFileType = file.storyboard; name = Base; path = Base.lproj/LaunchScreen.storyboard; sourceTree = "<group>"; };
		9550F20D26C51F53000B3155 /* Info.plist */ = {isa = PBXFileReference; lastKnownFileType = text.plist.xml; path = Info.plist; sourceTree = "<group>"; };
		9550F21326C5202B000B3155 /* NoteDetailsViewController.swift */ = {isa = PBXFileReference; lastKnownFileType = sourcecode.swift; path = NoteDetailsViewController.swift; sourceTree = "<group>"; };
/* End PBXFileReference section */

/* Begin PBXFrameworksBuildPhase section */
		9550F1F626C51F52000B3155 /* Frameworks */ = {
			isa = PBXFrameworksBuildPhase;
			buildActionMask = 2147483647;
			files = (
			);
			runOnlyForDeploymentPostprocessing = 0;
		};
/* End PBXFrameworksBuildPhase section */

/* Begin PBXGroup section */
		9550F1F026C51F52000B3155 = {
			isa = PBXGroup;
			children = (
				9550F1FB26C51F52000B3155 /* NotebookApp(coreData) */,
				9550F1FA26C51F52000B3155 /* Products */,
			);
			sourceTree = "<group>";
		};
		9550F1FA26C51F52000B3155 /* Products */ = {
			isa = PBXGroup;
			children = (
				9550F1F926C51F52000B3155 /* NotebookApp(coreData).app */,
			);
			name = Products;
			sourceTree = "<group>";
		};
		9550F1FB26C51F52000B3155 /* NotebookApp(coreData) */ = {
			isa = PBXGroup;
			children = (
				9550F1FC26C51F52000B3155 /* AppDelegate.swift */,
				9550F1FE26C51F52000B3155 /* SceneDelegate.swift */,
				9550F20026C51F52000B3155 /* ViewController.swift */,
				9550F21326C5202B000B3155 /* NoteDetailsViewController.swift */,
				9550F20226C51F52000B3155 /* Main.storyboard */,
				9550F20826C51F53000B3155 /* Assets.xcassets */,
				9550F20A26C51F53000B3155 /* LaunchScreen.storyboard */,
				9550F20D26C51F53000B3155 /* Info.plist */,
				9550F20526C51F52000B3155 /* NotebookApp_coreData_.xcdatamodeld */,
			);
			path = "NotebookApp(coreData)";
			sourceTree = "<group>";
		};
/* End PBXGroup section */

/* Begin PBXNativeTarget section */
		9550F1F826C51F52000B3155 /* NotebookApp(coreData) */ = {
			isa = PBXNativeTarget;
			buildConfigurationList = 9550F21026C51F53000B3155 /* Build configuration list for PBXNativeTarget "NotebookApp(coreData)" */;
			buildPhases = (
				9550F1F526C51F52000B3155 /* Sources */,
				9550F1F626C51F52000B3155 /* Frameworks */,
				9550F1F726C51F52000B3155 /* Resources */,
			);
			buildRules = (
			);
			dependencies = (
			);
			name = "NotebookApp(coreData)";
			productName = "NotebookApp(coreData)";
			productReference = 9550F1F926C51F52000B3155 /* NotebookApp(coreData).app */;
			productType = "com.apple.product-type.application";
		};
/* End PBXNativeTarget section */

/* Begin PBXProject section */
		9550F1F126C51F52000B3155 /* Project object */ = {
			isa = PBXProject;
			attributes = {
				LastSwiftUpdateCheck = 1250;
				LastUpgradeCheck = 1250;
				TargetAttributes = {
					9550F1F826C51F52000B3155 = {
						CreatedOnToolsVersion = 12.5.1;
					};
				};
			};
			buildConfigurationList = 9550F1F426C51F52000B3155 /* Build configuration list for PBXProject "NotebookApp(coreData)" */;
			compatibilityVersion = "Xcode 9.3";
			developmentRegion = en;
			hasScannedForEncodings = 0;
			knownRegions = (
				en,
				Base,
			);
			mainGroup = 9550F1F026C51F52000B3155;
			productRefGroup = 9550F1FA26C51F52000B3155 /* Products */;
			projectDirPath = "";
			projectRoot = "";
			targets = (
				9550F1F826C51F52000B3155 /* NotebookApp(coreData) */,
			);
		};
/* End PBXProject section */

/* Begin PBXResourcesBuildPhase section */
		9550F1F726C51F52000B3155 /* Resources */ = {
			isa = PBXResourcesBuildPhase;
			buildActionMask = 2147483647;
			files = (
				9550F20C26C51F53000B3155 /* LaunchScreen.storyboard in Resources */,
				9550F20926C51F53000B3155 /* Assets.xcassets in Resources */,
				9550F20426C51F52000B3155 /* Main.storyboard in Resources */,
			);
			runOnlyForDeploymentPostprocessing = 0;
		};
/* End PBXResourcesBuildPhase section */

/* Begin PBXSourcesBuildPhase section */
		9550F1F526C51F52000B3155 /* Sources */ = {
			isa = PBXSourcesBuildPhase;
			buildActionMask = 2147483647;
			files = (
				9550F20126C51F52000B3155 /* ViewController.swift in Sources */,
				9550F20726C51F52000B3155 /* NotebookApp_coreData_.xcdatamodeld in Sources */,
				9550F1FD26C51F52000B3155 /* AppDelegate.swift in Sources */,
				9550F21426C5202B000B3155 /* NoteDetailsViewController.swift in Sources */,
				9550F1FF26C51F52000B3155 /* SceneDelegate.swift in Sources */,
			);
			runOnlyForDeploymentPostprocessing = 0;
		};
/* End PBXSourcesBuildPhase section */

/* Begin PBXVariantGroup section */
		9550F20226C51F52000B3155 /* Main.storyboard */ = {
			isa = PBXVariantGroup;
			children = (
				9550F20326C51F52000B3155 /* Base */,
			);
			name = Main.storyboard;
			sourceTree = "<group>";
		};
		9550F20A26C51F53000B3155 /* LaunchScreen.storyboard */ = {
			isa = PBXVariantGroup;
			children = (
				9550F20B26C51F53000B3155 /* Base */,
			);
			name = LaunchScreen.storyboard;
			sourceTree = "<group>";
		};
/* End PBXVariantGroup section */

/* Begin XCBuildConfiguration section */
		9550F20E26C51F53000B3155 /* Debug */ = {
			isa = XCBuildConfiguration;
			buildSettings = {
				ALWAYS_SEARCH_USER_PATHS = NO;
				CLANG_ANALYZER_NONNULL = YES;
				CLANG_ANALYZER_NUMBER_OBJECT_CONVERSION = YES_AGGRESSIVE;
				CLANG_CXX_LANGUAGE_STANDARD = "gnu++14";
				CLANG_CXX_LIBRARY = "libc++";
				CLANG_ENABLE_MODULES = YES;
				CLANG_ENABLE_OBJC_ARC = YES;
				CLANG_ENABLE_OBJC_WEAK = YES;
				CLANG_WARN_BLOCK_CAPTURE_AUTORELEASING = YES;
				CLANG_WARN_BOOL_CONVERSION = YES;
				CLANG_WARN_COMMA = YES;
				CLANG_WARN_CONSTANT_CONVERSION = YES;
				CLANG_WARN_DEPRECATED_OBJC_IMPLEMENTATIONS = YES;
				CLANG_WARN_DIRECT_OBJC_ISA_USAGE = YES_ERROR;
				CLANG_WARN_DOCUMENTATION_COMMENTS = YES;
				CLANG_WARN_EMPTY_BODY = YES;
				CLANG_WARN_ENUM_CONVERSION = YES;
				CLANG_WARN_INFINITE_RECURSION = YES;
				CLANG_WARN_INT_CONVERSION = YES;
				CLANG_WARN_NON_LITERAL_NULL_CONVERSION = YES;
				CLANG_WARN_OBJC_IMPLICIT_RETAIN_SELF = YES;
				CLANG_WARN_OBJC_LITERAL_CONVERSION = YES;
				CLANG_WARN_OBJC_ROOT_CLASS = YES_ERROR;
				CLANG_WARN_QUOTED_INCLUDE_IN_FRAMEWORK_HEADER = YES;
				CLANG_WARN_RANGE_LOOP_ANALYSIS = YES;
				CLANG_WARN_STRICT_PROTOTYPES = YES;
				CLANG_WARN_SUSPICIOUS_MOVE = YES;
				CLANG_WARN_UNGUARDED_AVAILABILITY = YES_AGGRESSIVE;
				CLANG_WARN_UNREACHABLE_CODE = YES;
				CLANG_WARN__DUPLICATE_METHOD_MATCH = YES;
				COPY_PHASE_STRIP = NO;
				DEBUG_INFORMATION_FORMAT = dwarf;
				ENABLE_STRICT_OBJC_MSGSEND = YES;
				ENABLE_TESTABILITY = YES;
				GCC_C_LANGUAGE_STANDARD = gnu11;
				GCC_DYNAMIC_NO_PIC = NO;
				GCC_NO_COMMON_BLOCKS = YES;
				GCC_OPTIMIZATION_LEVEL = 0;
				GCC_PREPROCESSOR_DEFINITIONS = (
					"DEBUG=1",
					"$(inherited)",
				);
				GCC_WARN_64_TO_32_BIT_CONVERSION = YES;
				GCC_WARN_ABOUT_RETURN_TYPE = YES_ERROR;
				GCC_WARN_UNDECLARED_SELECTOR = YES;
				GCC_WARN_UNINITIALIZED_AUTOS = YES_AGGRESSIVE;
				GCC_WARN_UNUSED_FUNCTION = YES;
				GCC_WARN_UNUSED_VARIABLE = YES;
				IPHONEOS_DEPLOYMENT_TARGET = 14.5;
				MTL_ENABLE_DEBUG_INFO = INCLUDE_SOURCE;
				MTL_FAST_MATH = YES;
				ONLY_ACTIVE_ARCH = YES;
				SDKROOT = iphoneos;
				SWIFT_ACTIVE_COMPILATION_CONDITIONS = DEBUG;
				SWIFT_OPTIMIZATION_LEVEL = "-Onone";
			};
			name = Debug;
		};
		9550F20F26C51F53000B3155 /* Release */ = {
			isa = XCBuildConfiguration;
			buildSettings = {
				ALWAYS_SEARCH_USER_PATHS = NO;
				CLANG_ANALYZER_NONNULL = YES;
				CLANG_ANALYZER_NUMBER_OBJECT_CONVERSION = YES_AGGRESSIVE;
				CLANG_CXX_LANGUAGE_STANDARD = "gnu++14";
				CLANG_CXX_LIBRARY = "libc++";
				CLANG_ENABLE_MODULES = YES;
				CLANG_ENABLE_OBJC_ARC = YES;
				CLANG_ENABLE_OBJC_WEAK = YES;
				CLANG_WARN_BLOCK_CAPTURE_AUTORELEASING = YES;
				CLANG_WARN_BOOL_CONVERSION = YES;
				CLANG_WARN_COMMA = YES;
				CLANG_WARN_CONSTANT_CONVERSION = YES;
				CLANG_WARN_DEPRECATED_OBJC_IMPLEMENTATIONS = YES;
				CLANG_WARN_DIRECT_OBJC_ISA_USAGE = YES_ERROR;
				CLANG_WARN_DOCUMENTATION_COMMENTS = YES;
				CLANG_WARN_EMPTY_BODY = YES;
				CLANG_WARN_ENUM_CONVERSION = YES;
				CLANG_WARN_INFINITE_RECURSION = YES;
				CLANG_WARN_INT_CONVERSION = YES;
				CLANG_WARN_NON_LITERAL_NULL_CONVERSION = YES;
				CLANG_WARN_OBJC_IMPLICIT_RETAIN_SELF = YES;
				CLANG_WARN_OBJC_LITERAL_CONVERSION = YES;
				CLANG_WARN_OBJC_ROOT_CLASS = YES_ERROR;
				CLANG_WARN_QUOTED_INCLUDE_IN_FRAMEWORK_HEADER = YES;
				CLANG_WARN_RANGE_LOOP_ANALYSIS = YES;
				CLANG_WARN_STRICT_PROTOTYPES = YES;
				CLANG_WARN_SUSPICIOUS_MOVE = YES;
				CLANG_WARN_UNGUARDED_AVAILABILITY = YES_AGGRESSIVE;
				CLANG_WARN_UNREACHABLE_CODE = YES;
				CLANG_WARN__DUPLICATE_METHOD_MATCH = YES;
				COPY_PHASE_STRIP = NO;
				DEBUG_INFORMATION_FORMAT = "dwarf-with-dsym";
				ENABLE_NS_ASSERTIONS = NO;
				ENABLE_STRICT_OBJC_MSGSEND = YES;
				GCC_C_LANGUAGE_STANDARD = gnu11;
				GCC_NO_COMMON_BLOCKS = YES;
				GCC_WARN_64_TO_32_BIT_CONVERSION = YES;
				GCC_WARN_ABOUT_RETURN_TYPE = YES_ERROR;
				GCC_WARN_UNDECLARED_SELECTOR = YES;
				GCC_WARN_UNINITIALIZED_AUTOS = YES_AGGRESSIVE;
				GCC_WARN_UNUSED_FUNCTION = YES;
				GCC_WARN_UNUSED_VARIABLE = YES;
				IPHONEOS_DEPLOYMENT_TARGET = 14.5;
				MTL_ENABLE_DEBUG_INFO = NO;
				MTL_FAST_MATH = YES;
				SDKROOT = iphoneos;
				SWIFT_COMPILATION_MODE = wholemodule;
				SWIFT_OPTIMIZATION_LEVEL = "-O";
				VALIDATE_PRODUCT = YES;
			};
			name = Release;
		};
		9550F21126C51F53000B3155 /* Debug */ = {
			isa = XCBuildConfiguration;
			buildSettings = {
				ASSETCATALOG_COMPILER_APPICON_NAME = AppIcon;
				ASSETCATALOG_COMPILER_GLOBAL_ACCENT_COLOR_NAME = AccentColor;
				CODE_SIGN_STYLE = Automatic;
				DEVELOPMENT_TEAM = 2DMLSZYJH6;
				INFOPLIST_FILE = "NotebookApp(coreData)/Info.plist";
				LD_RUNPATH_SEARCH_PATHS = (
					"$(inherited)",
					"@executable_path/Frameworks",
				);
				PRODUCT_BUNDLE_IDENTIFIER = "com.SemihKalayci.NotebookApp-coreData-";
				PRODUCT_NAME = "$(TARGET_NAME)";
				SWIFT_VERSION = 5.0;
				TARGETED_DEVICE_FAMILY = "1,2";
			};
			name = Debug;
		};
		9550F21226C51F53000B3155 /* Release */ = {
			isa = XCBuildConfiguration;
			buildSettings = {
				ASSETCATALOG_COMPILER_APPICON_NAME = AppIcon;
				ASSETCATALOG_COMPILER_GLOBAL_ACCENT_COLOR_NAME = AccentColor;
				CODE_SIGN_STYLE = Automatic;
				DEVELOPMENT_TEAM = 2DMLSZYJH6;
				INFOPLIST_FILE = "NotebookApp(coreData)/Info.plist";
				LD_RUNPATH_SEARCH_PATHS = (
					"$(inherited)",
					"@executable_path/Frameworks",
				);
				PRODUCT_BUNDLE_IDENTIFIER = "com.SemihKalayci.NotebookApp-coreData-";
				PRODUCT_NAME = "$(TARGET_NAME)";
				SWIFT_VERSION = 5.0;
				TARGETED_DEVICE_FAMILY = "1,2";
			};
			name = Release;
		};
/* End XCBuildConfiguration section */

/* Begin XCConfigurationList section */
		9550F1F426C51F52000B3155 /* Build configuration list for PBXProject "NotebookApp(coreData)" */ = {
			isa = XCConfigurationList;
			buildConfigurations = (
				9550F20E26C51F53000B3155 /* Debug */,
				9550F20F26C51F53000B3155 /* Release */,
			);
			defaultConfigurationIsVisible = 0;
			defaultConfigurationName = Release;
		};
		9550F21026C51F53000B3155 /* Build configuration list for PBXNativeTarget "NotebookApp(coreData)" */ = {
			isa = XCConfigurationList;
			buildConfigurations = (
				9550F21126C51F53000B3155 /* Debug */,
				9550F21226C51F53000B3155 /* Release */,
			);
			defaultConfigurationIsVisible = 0;
			defaultConfigurationName = Release;
		};
/* End XCConfigurationList section */

/* Begin XCVersionGroup section */
		9550F20526C51F52000B3155 /* NotebookApp_coreData_.xcdatamodeld */ = {
			isa = XCVersionGroup;
			children = (
				9550F20626C51F52000B3155 /* NotebookApp_coreData_.xcdatamodel */,
			);
			currentVersion = 9550F20626C51F52000B3155 /* NotebookApp_coreData_.xcdatamodel */;
			path = NotebookApp_coreData_.xcdatamodeld;
			sourceTree = "<group>";
			versionGroupType = wrapper.xcdatamodel;
		};
/* End XCVersionGroup section */
	};
	rootObject = 9550F1F126C51F52000B3155 /* Project object */;
}
